
Microsoft Visual Studio Solution File, Format Version 12.00
# Visual Studio Version 17
VisualStudioVersion = 17.5.002.0
MinimumVisualStudioVersion = 10.0.40219.1
Project("{9A19103F-16F7-4668-BE54-9A1E7A4F7556}") = "MyRecipes.Gateway", "MyRecipes.Gateway.csproj", "{7A2C82FE-0A74-4165-AD8E-E5BD824A806A}"
EndProject
Global
	GlobalSection(SolutionConfigurationPlatforms) = preSolution
		Debug|Any CPU = Debug|Any CPU
		Release|Any CPU = Release|Any CPU
	EndGlobalSection
	GlobalSection(ProjectConfigurationPlatforms) = postSolution
		{7A2C82FE-0A74-4165-AD8E-E5BD824A806A}.Debug|Any CPU.ActiveCfg = Debug|Any CPU
		{7A2C82FE-0A74-4165-AD8E-E5BD824A806A}.Debug|Any CPU.Build.0 = Debug|Any CPU
		{7A2C82FE-0A74-4165-AD8E-E5BD824A806A}.Release|Any CPU.ActiveCfg = Release|Any CPU
		{7A2C82FE-0A74-4165-AD8E-E5BD824A806A}.Release|Any CPU.Build.0 = Release|Any CPU
	EndGlobalSection
	GlobalSection(SolutionProperties) = preSolution
		HideSolutionNode = FALSE
	EndGlobalSection
	GlobalSection(ExtensibilityGlobals) = postSolution
		SolutionGuid = {2FFB1360-CA9C-4546-A2C0-7A3AFB9DC200}
	EndGlobalSection
EndGlobal
